<Solution>
  <Folder Name="/source/">
    <Project Path="source/timewarp-flexbox/timewarp-flexbox.csproj" />
  </Folder>
  <Folder Name="/test/">
    <Project Path="test/timewarp-flexbox-tests/timewarp-flexbox-tests.csproj" />
  </Folder>
  <Folder Name="/benchmarks/">
    <Project Path="benchmarks/timewarp-flexbox-benchmarks/TimeWarp.Flexbox.Benchmarks.csproj" />
  </Folder>
  <Folder Name="/tests/">
    <Project Path="tests/timewarp-flexbox-aot-smoke/timewarp-flexbox-aot-smoke.csproj" />
  </Folder>
</Solution>
